# THIS IS AN AUTOGENERATED FILE. DO NOT EDIT THIS FILE DIRECTLY.
# yarn lockfile v1


"@norathefurry/unarray@^1.0.0":
  version "1.0.0"
  resolved "https://registry.yarnpkg.com/@norathefurry/unarray/-/unarray-1.0.0.tgz#25667a932a5d44a60b1b450a970fad6faf8a7163"
  integrity sha512-KRrZRiQpUsDk3yTSq0dymXiicqBPbB6Pv+OApkffYXJfFLT1ojze1DDslkRdyNYDY6hap1dWAg+L/TKGKcw2kg==
